
Microsoft Visual Studio Solution File, Format Version 12.00
# Visual Studio Version 17
VisualStudioVersion = 17.0.31903.59
MinimumVisualStudioVersion = 10.0.40219.1
Project("{FAE04EC0-301F-11D3-BF4B-00C04F79EFBC}") = "MusicInst", "MusicInst\MusicInst.csproj", "{4DAFFC22-E5C6-4698-9D2C-25E86C846BBA}"
EndProject
Global
	GlobalSection(SolutionConfigurationPlatforms) = preSolution
		Debug|Any CPU = Debug|Any CPU
		Debug|x64 = Debug|x64
		Debug|x86 = Debug|x86
		Release|Any CPU = Release|Any CPU
		Release|x64 = Release|x64
		Release|x86 = Release|x86
	EndGlobalSection
	GlobalSection(ProjectConfigurationPlatforms) = postSolution
		{4DAFFC22-E5C6-4698-9D2C-25E86C846BBA}.Debug|Any CPU.ActiveCfg = Debug|Any CPU
		{4DAFFC22-E5C6-4698-9D2C-25E86C846BBA}.Debug|Any CPU.Build.0 = Debug|Any CPU
		{4DAFFC22-E5C6-4698-9D2C-25E86C846BBA}.Debug|x64.ActiveCfg = Debug|Any CPU
		{4DAFFC22-E5C6-4698-9D2C-25E86C846BBA}.Debug|x64.Build.0 = Debug|Any CPU
		{4DAFFC22-E5C6-4698-9D2C-25E86C846BBA}.Debug|x86.ActiveCfg = Debug|Any CPU
		{4DAFFC22-E5C6-4698-9D2C-25E86C846BBA}.Debug|x86.Build.0 = Debug|Any CPU
		{4DAFFC22-E5C6-4698-9D2C-25E86C846BBA}.Release|Any CPU.ActiveCfg = Release|Any CPU
		{4DAFFC22-E5C6-4698-9D2C-25E86C846BBA}.Release|Any CPU.Build.0 = Release|Any CPU
		{4DAFFC22-E5C6-4698-9D2C-25E86C846BBA}.Release|x64.ActiveCfg = Release|Any CPU
		{4DAFFC22-E5C6-4698-9D2C-25E86C846BBA}.Release|x64.Build.0 = Release|Any CPU
		{4DAFFC22-E5C6-4698-9D2C-25E86C846BBA}.Release|x86.ActiveCfg = Release|Any CPU
		{4DAFFC22-E5C6-4698-9D2C-25E86C846BBA}.Release|x86.Build.0 = Release|Any CPU
	EndGlobalSection
	GlobalSection(SolutionProperties) = preSolution
		HideSolutionNode = FALSE
	EndGlobalSection
EndGlobal
